
Microsoft Visual Studio Solution File, Format Version 12.00
# Visual Studio 15
VisualStudioVersion = 15.0.27428.2037
MinimumVisualStudioVersion = 10.0.40219.1
Project("{888888A0-9F3D-457C-B088-3A5042F75D52}") = "Kens Coffee and Bagels", "Kens Coffee and Bagels\Kens Coffee and Bagels.pyproj", "{F77E44E7-1F24-4961-B2EA-D6B150B923CB}"
EndProject
Global
	GlobalSection(SolutionConfigurationPlatforms) = preSolution
		Debug|Any CPU = Debug|Any CPU
		Release|Any CPU = Release|Any CPU
	EndGlobalSection
	GlobalSection(ProjectConfigurationPlatforms) = postSolution
		{F77E44E7-1F24-4961-B2EA-D6B150B923CB}.Debug|Any CPU.ActiveCfg = Debug|Any CPU
		{F77E44E7-1F24-4961-B2EA-D6B150B923CB}.Release|Any CPU.ActiveCfg = Release|Any CPU
	EndGlobalSection
	GlobalSection(SolutionProperties) = preSolution
		HideSolutionNode = FALSE
	EndGlobalSection
	GlobalSection(ExtensibilityGlobals) = postSolution
		SolutionGuid = {5DD3B982-4F94-43EE-9EB0-A28357FE46D3}
	EndGlobalSection
EndGlobal
